
Microsoft Visual Studio Solution File, Format Version 12.00
# Visual Studio Version 16
VisualStudioVersion = 16.0.31702.278
MinimumVisualStudioVersion = 10.0.40219.1
Project("{8BC9CEB8-8B4A-11D0-8D11-00A0C91BC942}") = "serialFaceDetection", "serialFaceDetection\serialFaceDetection.vcxproj", "{223361D2-6700-4624-ACC3-CE0BED2E6DFF}"
EndProject
Global
	GlobalSection(SolutionConfigurationPlatforms) = preSolution
		Debug|x64 = Debug|x64
		Debug|x86 = Debug|x86
		Release|x64 = Release|x64
		Release|x86 = Release|x86
	EndGlobalSection
	GlobalSection(ProjectConfigurationPlatforms) = postSolution
		{223361D2-6700-4624-ACC3-CE0BED2E6DFF}.Debug|x64.ActiveCfg = Debug|x64
		{223361D2-6700-4624-ACC3-CE0BED2E6DFF}.Debug|x64.Build.0 = Debug|x64
		{223361D2-6700-4624-ACC3-CE0BED2E6DFF}.Debug|x86.ActiveCfg = Debug|Win32
		{223361D2-6700-4624-ACC3-CE0BED2E6DFF}.Debug|x86.Build.0 = Debug|Win32
		{223361D2-6700-4624-ACC3-CE0BED2E6DFF}.Release|x64.ActiveCfg = Release|x64
		{223361D2-6700-4624-ACC3-CE0BED2E6DFF}.Release|x64.Build.0 = Release|x64
		{223361D2-6700-4624-ACC3-CE0BED2E6DFF}.Release|x86.ActiveCfg = Release|Win32
		{223361D2-6700-4624-ACC3-CE0BED2E6DFF}.Release|x86.Build.0 = Release|Win32
	EndGlobalSection
	GlobalSection(SolutionProperties) = preSolution
		HideSolutionNode = FALSE
	EndGlobalSection
	GlobalSection(ExtensibilityGlobals) = postSolution
		SolutionGuid = {BD30EC6D-8E90-4402-AB48-BC4C67D1AA8F}
	EndGlobalSection
EndGlobal
